
Microsoft Visual Studio Solution File, Format Version 12.00
# Visual Studio Version 17
Project("{2150E333-8FDC-42A3-9474-1A3956D46DE8}") = "Tool", "Tool", "{2AF2CC5D-16AA-0EAB-7FB1-E7066B88A99B}"
EndProject
Project("{8BC9CEB8-8B4A-11D0-8D11-00A0C91BC942}") = "JasEditor", "JasEditor\JasEditor.vcxproj", "{AA3EB15F-16A9-65D6-5FE7-167CCB90432B}"
EndProject
Project("{2150E333-8FDC-42A3-9474-1A3956D46DE8}") = "Core", "Core", "{15A0C35D-0158-05AB-6A5F-DE065636A09B}"
EndProject
Project("{8BC9CEB8-8B4A-11D0-8D11-00A0C91BC942}") = "Jasmine", "Jasmine\Jasmine.vcxproj", "{AC26B82E-1806-37CA-211E-C2A08D7C9D2B}"
EndProject
Project("{FAE04EC0-301F-11D3-BF4B-00C04F79EFBC}") = "Jasmine-ScriptCore", "Jasmine-ScriptCore\Jasmine-ScriptCore.csproj", "{97FD7E31-83E1-3F87-EC41-3ADAD8442A09}"
EndProject
Project("{2150E333-8FDC-42A3-9474-1A3956D46DE8}") = "Dependencies", "Dependencies", "{53E47842-3FC8-3998-A828-34EB942B241A}"
EndProject
Project("{8BC9CEB8-8B4A-11D0-8D11-00A0C91BC942}") = "Box2D", "Jasmine\vendor\Box2D\Box2D.vcxproj", "{A434E80C-1049-10BE-D9CA-B31D459E0CEF}"
EndProject
Project("{8BC9CEB8-8B4A-11D0-8D11-00A0C91BC942}") = "GLFW", "Jasmine\vendor\GLFW\GLFW.vcxproj", "{154B857C-0182-860D-AA6E-6C109684020F}"
EndProject
Project("{8BC9CEB8-8B4A-11D0-8D11-00A0C91BC942}") = "Glad", "Jasmine\vendor\Glad\Glad.vcxproj", "{BDD6857C-A90D-870D-52FA-6C103E10030F}"
EndProject
Project("{8BC9CEB8-8B4A-11D0-8D11-00A0C91BC942}") = "ImGui", "Jasmine\vendor\ImGui\ImGui.vcxproj", "{C0FF640D-2C14-8DBE-F595-301E616989EF}"
EndProject
Project("{2150E333-8FDC-42A3-9474-1A3956D46DE8}") = "Examples", "Examples", "{CBC3873E-B791-7B44-A025-EC6A8C9257A9}"
EndProject
Project("{FAE04EC0-301F-11D3-BF4B-00C04F79EFBC}") = "ExampleApp", "ExampleApp\ExampleApp.csproj", "{921F763F-7ED7-B78C-E7DE-90E8D3B5527D}"
EndProject
Global
	GlobalSection(SolutionConfigurationPlatforms) = preSolution
		Debug|x64 = Debug|x64
		Dist|x64 = Dist|x64
		Release|x64 = Release|x64
	EndGlobalSection
	GlobalSection(ProjectConfigurationPlatforms) = postSolution
		{AA3EB15F-16A9-65D6-5FE7-167CCB90432B}.Debug|x64.ActiveCfg = Debug|x64
		{AA3EB15F-16A9-65D6-5FE7-167CCB90432B}.Debug|x64.Build.0 = Debug|x64
		{AA3EB15F-16A9-65D6-5FE7-167CCB90432B}.Dist|x64.ActiveCfg = Dist|x64
		{AA3EB15F-16A9-65D6-5FE7-167CCB90432B}.Dist|x64.Build.0 = Dist|x64
		{AA3EB15F-16A9-65D6-5FE7-167CCB90432B}.Release|x64.ActiveCfg = Release|x64
		{AA3EB15F-16A9-65D6-5FE7-167CCB90432B}.Release|x64.Build.0 = Release|x64
		{AC26B82E-1806-37CA-211E-C2A08D7C9D2B}.Debug|x64.ActiveCfg = Debug|x64
		{AC26B82E-1806-37CA-211E-C2A08D7C9D2B}.Debug|x64.Build.0 = Debug|x64
		{AC26B82E-1806-37CA-211E-C2A08D7C9D2B}.Dist|x64.ActiveCfg = Dist|x64
		{AC26B82E-1806-37CA-211E-C2A08D7C9D2B}.Dist|x64.Build.0 = Dist|x64
		{AC26B82E-1806-37CA-211E-C2A08D7C9D2B}.Release|x64.ActiveCfg = Release|x64
		{AC26B82E-1806-37CA-211E-C2A08D7C9D2B}.Release|x64.Build.0 = Release|x64
		{97FD7E31-83E1-3F87-EC41-3ADAD8442A09}.Debug|x64.ActiveCfg = Debug|x64
		{97FD7E31-83E1-3F87-EC41-3ADAD8442A09}.Debug|x64.Build.0 = Debug|x64
		{97FD7E31-83E1-3F87-EC41-3ADAD8442A09}.Dist|x64.ActiveCfg = Dist|x64
		{97FD7E31-83E1-3F87-EC41-3ADAD8442A09}.Dist|x64.Build.0 = Dist|x64
		{97FD7E31-83E1-3F87-EC41-3ADAD8442A09}.Release|x64.ActiveCfg = Release|x64
		{97FD7E31-83E1-3F87-EC41-3ADAD8442A09}.Release|x64.Build.0 = Release|x64
		{A434E80C-1049-10BE-D9CA-B31D459E0CEF}.Debug|x64.ActiveCfg = Debug|x64
		{A434E80C-1049-10BE-D9CA-B31D459E0CEF}.Debug|x64.Build.0 = Debug|x64
		{A434E80C-1049-10BE-D9CA-B31D459E0CEF}.Dist|x64.ActiveCfg = Dist|x64
		{A434E80C-1049-10BE-D9CA-B31D459E0CEF}.Dist|x64.Build.0 = Dist|x64
		{A434E80C-1049-10BE-D9CA-B31D459E0CEF}.Release|x64.ActiveCfg = Release|x64
		{A434E80C-1049-10BE-D9CA-B31D459E0CEF}.Release|x64.Build.0 = Release|x64
		{154B857C-0182-860D-AA6E-6C109684020F}.Debug|x64.ActiveCfg = Debug|x64
		{154B857C-0182-860D-AA6E-6C109684020F}.Debug|x64.Build.0 = Debug|x64
		{154B857C-0182-860D-AA6E-6C109684020F}.Dist|x64.ActiveCfg = Dist|x64
		{154B857C-0182-860D-AA6E-6C109684020F}.Dist|x64.Build.0 = Dist|x64
		{154B857C-0182-860D-AA6E-6C109684020F}.Release|x64.ActiveCfg = Release|x64
		{154B857C-0182-860D-AA6E-6C109684020F}.Release|x64.Build.0 = Release|x64
		{BDD6857C-A90D-870D-52FA-6C103E10030F}.Debug|x64.ActiveCfg = Debug|x64
		{BDD6857C-A90D-870D-52FA-6C103E10030F}.Debug|x64.Build.0 = Debug|x64
		{BDD6857C-A90D-870D-52FA-6C103E10030F}.Dist|x64.ActiveCfg = Dist|x64
		{BDD6857C-A90D-870D-52FA-6C103E10030F}.Dist|x64.Build.0 = Dist|x64
		{BDD6857C-A90D-870D-52FA-6C103E10030F}.Release|x64.ActiveCfg = Release|x64
		{BDD6857C-A90D-870D-52FA-6C103E10030F}.Release|x64.Build.0 = Release|x64
		{C0FF640D-2C14-8DBE-F595-301E616989EF}.Debug|x64.ActiveCfg = Debug|x64
		{C0FF640D-2C14-8DBE-F595-301E616989EF}.Debug|x64.Build.0 = Debug|x64
		{C0FF640D-2C14-8DBE-F595-301E616989EF}.Dist|x64.ActiveCfg = Dist|x64
		{C0FF640D-2C14-8DBE-F595-301E616989EF}.Dist|x64.Build.0 = Dist|x64
		{C0FF640D-2C14-8DBE-F595-301E616989EF}.Release|x64.ActiveCfg = Release|x64
		{C0FF640D-2C14-8DBE-F595-301E616989EF}.Release|x64.Build.0 = Release|x64
		{921F763F-7ED7-B78C-E7DE-90E8D3B5527D}.Debug|x64.ActiveCfg = Debug|x64
		{921F763F-7ED7-B78C-E7DE-90E8D3B5527D}.Debug|x64.Build.0 = Debug|x64
		{921F763F-7ED7-B78C-E7DE-90E8D3B5527D}.Dist|x64.ActiveCfg = Dist|x64
		{921F763F-7ED7-B78C-E7DE-90E8D3B5527D}.Dist|x64.Build.0 = Dist|x64
		{921F763F-7ED7-B78C-E7DE-90E8D3B5527D}.Release|x64.ActiveCfg = Release|x64
		{921F763F-7ED7-B78C-E7DE-90E8D3B5527D}.Release|x64.Build.0 = Release|x64
	EndGlobalSection
	GlobalSection(SolutionProperties) = preSolution
		HideSolutionNode = FALSE
	EndGlobalSection
	GlobalSection(NestedProjects) = preSolution
		{AA3EB15F-16A9-65D6-5FE7-167CCB90432B} = {2AF2CC5D-16AA-0EAB-7FB1-E7066B88A99B}
		{AC26B82E-1806-37CA-211E-C2A08D7C9D2B} = {15A0C35D-0158-05AB-6A5F-DE065636A09B}
		{97FD7E31-83E1-3F87-EC41-3ADAD8442A09} = {15A0C35D-0158-05AB-6A5F-DE065636A09B}
		{A434E80C-1049-10BE-D9CA-B31D459E0CEF} = {53E47842-3FC8-3998-A828-34EB942B241A}
		{154B857C-0182-860D-AA6E-6C109684020F} = {53E47842-3FC8-3998-A828-34EB942B241A}
		{BDD6857C-A90D-870D-52FA-6C103E10030F} = {53E47842-3FC8-3998-A828-34EB942B241A}
		{C0FF640D-2C14-8DBE-F595-301E616989EF} = {53E47842-3FC8-3998-A828-34EB942B241A}
		{921F763F-7ED7-B78C-E7DE-90E8D3B5527D} = {CBC3873E-B791-7B44-A025-EC6A8C9257A9}
	EndGlobalSection
EndGlobal
