<?xml version="1.0" encoding="utf-8"?>
<Project ToolsVersion="4.0" xmlns="http://schemas.microsoft.com/developer/msbuild/2003">
  <ItemGroup>
    <Filter Include="src">
      <UniqueIdentifier>{2DAB880B-99B4-887C-2230-9F7C8E38947C}</UniqueIdentifier>
    </Filter>
    <Filter Include="src\Hazel">
      <UniqueIdentifier>{F0370AB3-5CA2-BE29-A5E0-6FCF118A9C7E}</UniqueIdentifier>
    </Filter>
    <Filter Include="src\Hazel\Core">
      <UniqueIdentifier>{48D253A8-34A0-47AE-1D34-B8D409A12313}</UniqueIdentifier>
    </Filter>
    <Filter Include="src\Hazel\Core\Events">
      <UniqueIdentifier>{2C1D8DEB-9889-48E6-617D-E043CDA86A4E}</UniqueIdentifier>
    </Filter>
    <Filter Include="src\Hazel\Core\Math">
      <UniqueIdentifier>{21E4F85A-8D45-D668-16B3-1C1B82130D28}</UniqueIdentifier>
    </Filter>
    <Filter Include="src\Hazel\Editor">
      <UniqueIdentifier>{26277010-1220-8F62-3B52-74E727AA6E6E}</UniqueIdentifier>
    </Filter>
    <Filter Include="src\Hazel\ImGui">
      <UniqueIdentifier>{1AE138B3-866C-A677-8F7D-296CFB870278}</UniqueIdentifier>
    </Filter>
    <Filter Include="src\Hazel\Platform">
      <UniqueIdentifier>{44620E69-3046-CFBE-99A6-C91185A9B940}</UniqueIdentifier>
    </Filter>
    <Filter Include="src\Hazel\Platform\OpenGL">
      <UniqueIdentifier>{F856A5C4-6419-D94E-ADC9-67DB19CBB12C}</UniqueIdentifier>
    </Filter>
    <Filter Include="src\Hazel\Platform\Windows">
      <UniqueIdentifier>{7E106CB1-6A20-1882-D3D9-7CA0BF08071B}</UniqueIdentifier>
    </Filter>
    <Filter Include="src\Hazel\Renderer">
      <UniqueIdentifier>{9669EB43-824D-AC99-EBAD-A6ECD7B0961B}</UniqueIdentifier>
    </Filter>
    <Filter Include="src\Hazel\Scene">
      <UniqueIdentifier>{0DD9E8B3-7964-5678-8275-D96CEE7FB278}</UniqueIdentifier>
    </Filter>
    <Filter Include="src\Hazel\Script">
      <UniqueIdentifier>{34080B31-2001-2A83-4933-0F08358B098F}</UniqueIdentifier>
    </Filter>
    <Filter Include="src\Hazel\Vendor">
      <UniqueIdentifier>{2D6C2C38-1965-4B8A-4297-300F2EEF2A96}</UniqueIdentifier>
    </Filter>
    <Filter Include="vendor">
      <UniqueIdentifier>{B3738122-9F15-ACF8-88D0-BF4C74113349}</UniqueIdentifier>
    </Filter>
    <Filter Include="vendor\FastNoise">
      <UniqueIdentifier>{EEFAAAA2-DAF3-C9F4-0326-AF79EF7DA900}</UniqueIdentifier>
    </Filter>
    <Filter Include="vendor\yaml-cpp">
      <UniqueIdentifier>{C5B3FC54-313F-6A19-3A50-ED0DA65AC619}</UniqueIdentifier>
    </Filter>
    <Filter Include="vendor\yaml-cpp\include">
      <UniqueIdentifier>{38D04F32-A407-98C9-AD11-FCEC19C8BEC2}</UniqueIdentifier>
    </Filter>
    <Filter Include="vendor\yaml-cpp\include\yaml-cpp">
      <UniqueIdentifier>{EAF52FF2-D646-1B34-FFAA-09F6EB5AAE9D}</UniqueIdentifier>
    </Filter>
    <Filter Include="vendor\yaml-cpp\include\yaml-cpp\contrib">
      <UniqueIdentifier>{EA87E472-D604-D8B5-FF81-D8C9EB5D7449}</UniqueIdentifier>
    </Filter>
    <Filter Include="vendor\yaml-cpp\include\yaml-cpp\node">
      <UniqueIdentifier>{FFEED84C-6BB3-D73C-3419-0807A09C7372}</UniqueIdentifier>
    </Filter>
    <Filter Include="vendor\yaml-cpp\include\yaml-cpp\node\detail">
      <UniqueIdentifier>{E131EE05-CD44-EE5E-762E-CB4B62208BAC}</UniqueIdentifier>
    </Filter>
    <Filter Include="vendor\yaml-cpp\src">
      <UniqueIdentifier>{5CCC2628-C82D-0436-519B-4AE8BDFB3AF5}</UniqueIdentifier>
    </Filter>
    <Filter Include="vendor\yaml-cpp\src\contrib">
      <UniqueIdentifier>{5CB0BB24-C8BD-E90A-51A4-E5F5BDB0B5C1}</UniqueIdentifier>
    </Filter>
  </ItemGroup>
  <ItemGroup>
    <ClInclude Include="src\Jasmine.h">
      <Filter>src</Filter>
    </ClInclude>
    <ClInclude Include="src\Jasmine\Core\Application.h">
      <Filter>src\Hazel\Core</Filter>
    </ClInclude>
    <ClInclude Include="src\Jasmine\Core\Assert.h">
      <Filter>src\Hazel\Core</Filter>
    </ClInclude>
    <ClInclude Include="src\Jasmine\Core\Base.h">
      <Filter>src\Hazel\Core</Filter>
    </ClInclude>
    <ClInclude Include="src\Jasmine\Core\Buffer.h">
      <Filter>src\Hazel\Core</Filter>
    </ClInclude>
    <ClInclude Include="src\Jasmine\Core\Events\ApplicationEvent.h">
      <Filter>src\Hazel\Core\Events</Filter>
    </ClInclude>
    <ClInclude Include="src\Jasmine\Core\Events\Event.h">
      <Filter>src\Hazel\Core\Events</Filter>
    </ClInclude>
    <ClInclude Include="src\Jasmine\Core\Events\KeyEvent.h">
      <Filter>src\Hazel\Core\Events</Filter>
    </ClInclude>
    <ClInclude Include="src\Jasmine\Core\Events\MouseEvent.h">
      <Filter>src\Hazel\Core\Events</Filter>
    </ClInclude>
    <ClInclude Include="src\Jasmine\Core\Input.h">
      <Filter>src\Hazel\Core</Filter>
    </ClInclude>
    <ClInclude Include="src\Jasmine\Core\KeyCodes.h">
      <Filter>src\Hazel\Core</Filter>
    </ClInclude>
    <ClInclude Include="src\Jasmine\Core\Layer.h">
      <Filter>src\Hazel\Core</Filter>
    </ClInclude>
    <ClInclude Include="src\Jasmine\Core\LayerStack.h">
      <Filter>src\Hazel\Core</Filter>
    </ClInclude>
    <ClInclude Include="src\Jasmine\Core\Log.h">
      <Filter>src\Hazel\Core</Filter>
    </ClInclude>
    <ClInclude Include="src\Jasmine\Core\Math\AABB.h">
      <Filter>src\Hazel\Core\Math</Filter>
    </ClInclude>
    <ClInclude Include="src\Jasmine\Core\Math\Mat4.h">
      <Filter>src\Hazel\Core\Math</Filter>
    </ClInclude>
    <ClInclude Include="src\Jasmine\Core\Math\Noise.h">
      <Filter>src\Hazel\Core\Math</Filter>
    </ClInclude>
    <ClInclude Include="src\Jasmine\Core\Math\Ray.h">
      <Filter>src\Hazel\Core\Math</Filter>
    </ClInclude>
    <ClInclude Include="src\Jasmine\Core\Platform.h">
      <Filter>src\Hazel\Core</Filter>
    </ClInclude>
    <ClInclude Include="src\Jasmine\Core\Ref.h">
      <Filter>src\Hazel\Core</Filter>
    </ClInclude>
    <ClInclude Include="src\Jasmine\Core\TimeStep.h">
      <Filter>src\Hazel\Core</Filter>
    </ClInclude>
    <ClInclude Include="src\Jasmine\Core\Timer.h">
      <Filter>src\Hazel\Core</Filter>
    </ClInclude>
    <ClInclude Include="src\Jasmine\Core\UUID.h">
      <Filter>src\Hazel\Core</Filter>
    </ClInclude>
    <ClInclude Include="src\Jasmine\Core\Window.h">
      <Filter>src\Hazel\Core</Filter>
    </ClInclude>
    <ClInclude Include="src\Jasmine\Editor\EditorCamera.h">
      <Filter>src\Hazel\Editor</Filter>
    </ClInclude>
    <ClInclude Include="src\Jasmine\Editor\SceneHierarchyPanel.h">
      <Filter>src\Hazel\Editor</Filter>
    </ClInclude>
    <ClInclude Include="src\Jasmine\EntryPoint.h">
      <Filter>src\Hazel</Filter>
    </ClInclude>
    <ClInclude Include="src\Jasmine\ImGui\ImGui.h">
      <Filter>src\Hazel\ImGui</Filter>
    </ClInclude>
    <ClInclude Include="src\Jasmine\ImGui\ImGuiLayer.h">
      <Filter>src\Hazel\ImGui</Filter>
    </ClInclude>
    <ClInclude Include="src\Jasmine\ImGui\ImGuizmo.h">
      <Filter>src\Hazel\ImGui</Filter>
    </ClInclude>
    <ClInclude Include="src\Jasmine\Platform\OpenGL\OpenGLFramebuffer.h">
      <Filter>src\Hazel\Platform\OpenGL</Filter>
    </ClInclude>
    <ClInclude Include="src\Jasmine\Platform\OpenGL\OpenGLIndexBuffer.h">
      <Filter>src\Hazel\Platform\OpenGL</Filter>
    </ClInclude>
    <ClInclude Include="src\Jasmine\Platform\OpenGL\OpenGLPipeline.h">
      <Filter>src\Hazel\Platform\OpenGL</Filter>
    </ClInclude>
    <ClInclude Include="src\Jasmine\Platform\OpenGL\OpenGLRenderPass.h">
      <Filter>src\Hazel\Platform\OpenGL</Filter>
    </ClInclude>
    <ClInclude Include="src\Jasmine\Platform\OpenGL\OpenGLShader.h">
      <Filter>src\Hazel\Platform\OpenGL</Filter>
    </ClInclude>
    <ClInclude Include="src\Jasmine\Platform\OpenGL\OpenGLShaderUniform.h">
      <Filter>src\Hazel\Platform\OpenGL</Filter>
    </ClInclude>
    <ClInclude Include="src\Jasmine\Platform\OpenGL\OpenGLTexture.h">
      <Filter>src\Hazel\Platform\OpenGL</Filter>
    </ClInclude>
    <ClInclude Include="src\Jasmine\Platform\OpenGL\OpenGLVertexBuffer.h">
      <Filter>src\Hazel\Platform\OpenGL</Filter>
    </ClInclude>
    <ClInclude Include="src\Jasmine\Platform\Windows\WindowsWindow.h">
      <Filter>src\Hazel\Platform\Windows</Filter>
    </ClInclude>
    <ClInclude Include="src\Jasmine\Renderer\Camera.h">
      <Filter>src\Hazel\Renderer</Filter>
    </ClInclude>
    <ClInclude Include="src\Jasmine\Renderer\Framebuffer.h">
      <Filter>src\Hazel\Renderer</Filter>
    </ClInclude>
    <ClInclude Include="src\Jasmine\Renderer\IndexBuffer.h">
      <Filter>src\Hazel\Renderer</Filter>
    </ClInclude>
    <ClInclude Include="src\Jasmine\Renderer\Material.h">
      <Filter>src\Hazel\Renderer</Filter>
    </ClInclude>
    <ClInclude Include="src\Jasmine\Renderer\Mesh.h">
      <Filter>src\Hazel\Renderer</Filter>
    </ClInclude>
    <ClInclude Include="src\Jasmine\Renderer\Pipeline.h">
      <Filter>src\Hazel\Renderer</Filter>
    </ClInclude>
    <ClInclude Include="src\Jasmine\Renderer\RenderCommandQueue.h">
      <Filter>src\Hazel\Renderer</Filter>
    </ClInclude>
    <ClInclude Include="src\Jasmine\Renderer\RenderPass.h">
      <Filter>src\Hazel\Renderer</Filter>
    </ClInclude>
    <ClInclude Include="src\Jasmine\Renderer\Renderer.h">
      <Filter>src\Hazel\Renderer</Filter>
    </ClInclude>
    <ClInclude Include="src\Jasmine\Renderer\Renderer2D.h">
      <Filter>src\Hazel\Renderer</Filter>
    </ClInclude>
    <ClInclude Include="src\Jasmine\Renderer\RendererAPI.h">
      <Filter>src\Hazel\Renderer</Filter>
    </ClInclude>
    <ClInclude Include="src\Jasmine\Renderer\SceneEnvironment.h">
      <Filter>src\Hazel\Renderer</Filter>
    </ClInclude>
    <ClInclude Include="src\Jasmine\Renderer\SceneRenderer.h">
      <Filter>src\Hazel\Renderer</Filter>
    </ClInclude>
    <ClInclude Include="src\Jasmine\Renderer\Shader.h">
      <Filter>src\Hazel\Renderer</Filter>
    </ClInclude>
    <ClInclude Include="src\Jasmine\Renderer\ShaderUniform.h">
      <Filter>src\Hazel\Renderer</Filter>
    </ClInclude>
    <ClInclude Include="src\Jasmine\Renderer\Texture.h">
      <Filter>src\Hazel\Renderer</Filter>
    </ClInclude>
    <ClInclude Include="src\Jasmine\Renderer\VertexBuffer.h">
      <Filter>src\Hazel\Renderer</Filter>
    </ClInclude>
    <ClInclude Include="src\Jasmine\Scene\Components.h">
      <Filter>src\Hazel\Scene</Filter>
    </ClInclude>
    <ClInclude Include="src\Jasmine\Scene\Entity.h">
      <Filter>src\Hazel\Scene</Filter>
    </ClInclude>
    <ClInclude Include="src\Jasmine\Scene\Scene.h">
      <Filter>src\Hazel\Scene</Filter>
    </ClInclude>
    <ClInclude Include="src\Jasmine\Scene\SceneCamera.h">
      <Filter>src\Hazel\Scene</Filter>
    </ClInclude>
    <ClInclude Include="src\Jasmine\Scene\SceneSerializer.h">
      <Filter>src\Hazel\Scene</Filter>
    </ClInclude>
    <ClInclude Include="src\Jasmine\Script\ScriptEngine.h">
      <Filter>src\Hazel\Script</Filter>
    </ClInclude>
    <ClInclude Include="src\Jasmine\Script\ScriptEngineRegistry.h">
      <Filter>src\Hazel\Script</Filter>
    </ClInclude>
    <ClInclude Include="src\Jasmine\Script\ScriptWrappers.h">
      <Filter>src\Hazel\Script</Filter>
    </ClInclude>
    <ClInclude Include="src\JMpch.h">
      <Filter>src</Filter>
    </ClInclude>
    <ClInclude Include="vendor\yaml-cpp\include\yaml-cpp\anchor.h">
      <Filter>vendor\yaml-cpp\include\yaml-cpp</Filter>
    </ClInclude>
    <ClInclude Include="vendor\yaml-cpp\include\yaml-cpp\binary.h">
      <Filter>vendor\yaml-cpp\include\yaml-cpp</Filter>
    </ClInclude>
    <ClInclude Include="vendor\yaml-cpp\include\yaml-cpp\contrib\anchordict.h">
      <Filter>vendor\yaml-cpp\include\yaml-cpp\contrib</Filter>
    </ClInclude>
    <ClInclude Include="vendor\yaml-cpp\include\yaml-cpp\contrib\graphbuilder.h">
      <Filter>vendor\yaml-cpp\include\yaml-cpp\contrib</Filter>
    </ClInclude>
    <ClInclude Include="vendor\yaml-cpp\include\yaml-cpp\depthguard.h">
      <Filter>vendor\yaml-cpp\include\yaml-cpp</Filter>
    </ClInclude>
    <ClInclude Include="vendor\yaml-cpp\include\yaml-cpp\dll.h">
      <Filter>vendor\yaml-cpp\include\yaml-cpp</Filter>
    </ClInclude>
    <ClInclude Include="vendor\yaml-cpp\include\yaml-cpp\emitfromevents.h">
      <Filter>vendor\yaml-cpp\include\yaml-cpp</Filter>
    </ClInclude>
    <ClInclude Include="vendor\yaml-cpp\include\yaml-cpp\emitter.h">
      <Filter>vendor\yaml-cpp\include\yaml-cpp</Filter>
    </ClInclude>
    <ClInclude Include="vendor\yaml-cpp\include\yaml-cpp\emitterdef.h">
      <Filter>vendor\yaml-cpp\include\yaml-cpp</Filter>
    </ClInclude>
    <ClInclude Include="vendor\yaml-cpp\include\yaml-cpp\emittermanip.h">
      <Filter>vendor\yaml-cpp\include\yaml-cpp</Filter>
    </ClInclude>
    <ClInclude Include="vendor\yaml-cpp\include\yaml-cpp\emitterstyle.h">
      <Filter>vendor\yaml-cpp\include\yaml-cpp</Filter>
    </ClInclude>
    <ClInclude Include="vendor\yaml-cpp\include\yaml-cpp\eventhandler.h">
      <Filter>vendor\yaml-cpp\include\yaml-cpp</Filter>
    </ClInclude>
    <ClInclude Include="vendor\yaml-cpp\include\yaml-cpp\exceptions.h">
      <Filter>vendor\yaml-cpp\include\yaml-cpp</Filter>
    </ClInclude>
    <ClInclude Include="vendor\yaml-cpp\include\yaml-cpp\mark.h">
      <Filter>vendor\yaml-cpp\include\yaml-cpp</Filter>
    </ClInclude>
    <ClInclude Include="vendor\yaml-cpp\include\yaml-cpp\node\convert.h">
      <Filter>vendor\yaml-cpp\include\yaml-cpp\node</Filter>
    </ClInclude>
    <ClInclude Include="vendor\yaml-cpp\include\yaml-cpp\node\detail\impl.h">
      <Filter>vendor\yaml-cpp\include\yaml-cpp\node\detail</Filter>
    </ClInclude>
    <ClInclude Include="vendor\yaml-cpp\include\yaml-cpp\node\detail\iterator.h">
      <Filter>vendor\yaml-cpp\include\yaml-cpp\node\detail</Filter>
    </ClInclude>
    <ClInclude Include="vendor\yaml-cpp\include\yaml-cpp\node\detail\iterator_fwd.h">
      <Filter>vendor\yaml-cpp\include\yaml-cpp\node\detail</Filter>
    </ClInclude>
    <ClInclude Include="vendor\yaml-cpp\include\yaml-cpp\node\detail\memory.h">
      <Filter>vendor\yaml-cpp\include\yaml-cpp\node\detail</Filter>
    </ClInclude>
    <ClInclude Include="vendor\yaml-cpp\include\yaml-cpp\node\detail\node.h">
      <Filter>vendor\yaml-cpp\include\yaml-cpp\node\detail</Filter>
    </ClInclude>
    <ClInclude Include="vendor\yaml-cpp\include\yaml-cpp\node\detail\node_data.h">
      <Filter>vendor\yaml-cpp\include\yaml-cpp\node\detail</Filter>
    </ClInclude>
    <ClInclude Include="vendor\yaml-cpp\include\yaml-cpp\node\detail\node_iterator.h">
      <Filter>vendor\yaml-cpp\include\yaml-cpp\node\detail</Filter>
    </ClInclude>
    <ClInclude Include="vendor\yaml-cpp\include\yaml-cpp\node\detail\node_ref.h">
      <Filter>vendor\yaml-cpp\include\yaml-cpp\node\detail</Filter>
    </ClInclude>
    <ClInclude Include="vendor\yaml-cpp\include\yaml-cpp\node\emit.h">
      <Filter>vendor\yaml-cpp\include\yaml-cpp\node</Filter>
    </ClInclude>
    <ClInclude Include="vendor\yaml-cpp\include\yaml-cpp\node\impl.h">
      <Filter>vendor\yaml-cpp\include\yaml-cpp\node</Filter>
    </ClInclude>
    <ClInclude Include="vendor\yaml-cpp\include\yaml-cpp\node\iterator.h">
      <Filter>vendor\yaml-cpp\include\yaml-cpp\node</Filter>
    </ClInclude>
    <ClInclude Include="vendor\yaml-cpp\include\yaml-cpp\node\node.h">
      <Filter>vendor\yaml-cpp\include\yaml-cpp\node</Filter>
    </ClInclude>
    <ClInclude Include="vendor\yaml-cpp\include\yaml-cpp\node\parse.h">
      <Filter>vendor\yaml-cpp\include\yaml-cpp\node</Filter>
    </ClInclude>
    <ClInclude Include="vendor\yaml-cpp\include\yaml-cpp\node\ptr.h">
      <Filter>vendor\yaml-cpp\include\yaml-cpp\node</Filter>
    </ClInclude>
    <ClInclude Include="vendor\yaml-cpp\include\yaml-cpp\node\type.h">
      <Filter>vendor\yaml-cpp\include\yaml-cpp\node</Filter>
    </ClInclude>
    <ClInclude Include="vendor\yaml-cpp\include\yaml-cpp\noexcept.h">
      <Filter>vendor\yaml-cpp\include\yaml-cpp</Filter>
    </ClInclude>
    <ClInclude Include="vendor\yaml-cpp\include\yaml-cpp\null.h">
      <Filter>vendor\yaml-cpp\include\yaml-cpp</Filter>
    </ClInclude>
    <ClInclude Include="vendor\yaml-cpp\include\yaml-cpp\ostream_wrapper.h">
      <Filter>vendor\yaml-cpp\include\yaml-cpp</Filter>
    </ClInclude>
    <ClInclude Include="vendor\yaml-cpp\include\yaml-cpp\parser.h">
      <Filter>vendor\yaml-cpp\include\yaml-cpp</Filter>
    </ClInclude>
    <ClInclude Include="vendor\yaml-cpp\include\yaml-cpp\stlemitter.h">
      <Filter>vendor\yaml-cpp\include\yaml-cpp</Filter>
    </ClInclude>
    <ClInclude Include="vendor\yaml-cpp\include\yaml-cpp\traits.h">
      <Filter>vendor\yaml-cpp\include\yaml-cpp</Filter>
    </ClInclude>
    <ClInclude Include="vendor\yaml-cpp\include\yaml-cpp\yaml.h">
      <Filter>vendor\yaml-cpp\include\yaml-cpp</Filter>
    </ClInclude>
    <ClInclude Include="vendor\yaml-cpp\src\collectionstack.h">
      <Filter>vendor\yaml-cpp\src</Filter>
    </ClInclude>
    <ClInclude Include="vendor\yaml-cpp\src\contrib\graphbuilderadapter.h">
      <Filter>vendor\yaml-cpp\src\contrib</Filter>
    </ClInclude>
    <ClInclude Include="vendor\yaml-cpp\src\directives.h">
      <Filter>vendor\yaml-cpp\src</Filter>
    </ClInclude>
    <ClInclude Include="vendor\yaml-cpp\src\emitterstate.h">
      <Filter>vendor\yaml-cpp\src</Filter>
    </ClInclude>
    <ClInclude Include="vendor\yaml-cpp\src\emitterutils.h">
      <Filter>vendor\yaml-cpp\src</Filter>
    </ClInclude>
    <ClInclude Include="vendor\yaml-cpp\src\exp.h">
      <Filter>vendor\yaml-cpp\src</Filter>
    </ClInclude>
    <ClInclude Include="vendor\yaml-cpp\src\indentation.h">
      <Filter>vendor\yaml-cpp\src</Filter>
    </ClInclude>
    <ClInclude Include="vendor\yaml-cpp\src\nodebuilder.h">
      <Filter>vendor\yaml-cpp\src</Filter>
    </ClInclude>
    <ClInclude Include="vendor\yaml-cpp\src\nodeevents.h">
      <Filter>vendor\yaml-cpp\src</Filter>
    </ClInclude>
    <ClInclude Include="vendor\yaml-cpp\src\ptr_vector.h">
      <Filter>vendor\yaml-cpp\src</Filter>
    </ClInclude>
    <ClInclude Include="vendor\yaml-cpp\src\regex_yaml.h">
      <Filter>vendor\yaml-cpp\src</Filter>
    </ClInclude>
    <ClInclude Include="vendor\yaml-cpp\src\regeximpl.h">
      <Filter>vendor\yaml-cpp\src</Filter>
    </ClInclude>
    <ClInclude Include="vendor\yaml-cpp\src\scanner.h">
      <Filter>vendor\yaml-cpp\src</Filter>
    </ClInclude>
    <ClInclude Include="vendor\yaml-cpp\src\scanscalar.h">
      <Filter>vendor\yaml-cpp\src</Filter>
    </ClInclude>
    <ClInclude Include="vendor\yaml-cpp\src\scantag.h">
      <Filter>vendor\yaml-cpp\src</Filter>
    </ClInclude>
    <ClInclude Include="vendor\yaml-cpp\src\setting.h">
      <Filter>vendor\yaml-cpp\src</Filter>
    </ClInclude>
    <ClInclude Include="vendor\yaml-cpp\src\singledocparser.h">
      <Filter>vendor\yaml-cpp\src</Filter>
    </ClInclude>
    <ClInclude Include="vendor\yaml-cpp\src\stream.h">
      <Filter>vendor\yaml-cpp\src</Filter>
    </ClInclude>
    <ClInclude Include="vendor\yaml-cpp\src\streamcharsource.h">
      <Filter>vendor\yaml-cpp\src</Filter>
    </ClInclude>
    <ClInclude Include="vendor\yaml-cpp\src\stringsource.h">
      <Filter>vendor\yaml-cpp\src</Filter>
    </ClInclude>
    <ClInclude Include="vendor\yaml-cpp\src\tag.h">
      <Filter>vendor\yaml-cpp\src</Filter>
    </ClInclude>
    <ClInclude Include="vendor\yaml-cpp\src\token.h">
      <Filter>vendor\yaml-cpp\src</Filter>
    </ClInclude>
  </ItemGroup>
  <ItemGroup>
    <ClCompile Include="src\Jasmine\Core\Application.cpp">
      <Filter>src\Hazel\Core</Filter>
    </ClCompile>
    <ClCompile Include="src\Jasmine\Core\Base.cpp">
      <Filter>src\Hazel\Core</Filter>
    </ClCompile>
    <ClCompile Include="src\Jasmine\Core\Layer.cpp">
      <Filter>src\Hazel\Core</Filter>
    </ClCompile>
    <ClCompile Include="src\Jasmine\Core\LayerStack.cpp">
      <Filter>src\Hazel\Core</Filter>
    </ClCompile>
    <ClCompile Include="src\Jasmine\Core\Log.cpp">
      <Filter>src\Hazel\Core</Filter>
    </ClCompile>
    <ClCompile Include="src\Jasmine\Core\Math\Mat4.cpp">
      <Filter>src\Hazel\Core\Math</Filter>
    </ClCompile>
    <ClCompile Include="src\Jasmine\Core\Math\Noise.cpp">
      <Filter>src\Hazel\Core\Math</Filter>
    </ClCompile>
    <ClCompile Include="src\Jasmine\Core\TimeStep.cpp">
      <Filter>src\Hazel\Core</Filter>
    </ClCompile>
    <ClCompile Include="src\Jasmine\Core\UUID.cpp">
      <Filter>src\Hazel\Core</Filter>
    </ClCompile>
    <ClCompile Include="src\Jasmine\Core\Window.cpp">
      <Filter>src\Hazel\Core</Filter>
    </ClCompile>
    <ClCompile Include="src\Jasmine\Editor\EditorCamera.cpp">
      <Filter>src\Hazel\Editor</Filter>
    </ClCompile>
    <ClCompile Include="src\Jasmine\Editor\SceneHierarchyPanel.cpp">
      <Filter>src\Hazel\Editor</Filter>
    </ClCompile>
    <ClCompile Include="src\Jasmine\ImGui\ImGuiBuild.cpp">
      <Filter>src\Hazel\ImGui</Filter>
    </ClCompile>
    <ClCompile Include="src\Jasmine\ImGui\ImGuiLayer.cpp">
      <Filter>src\Hazel\ImGui</Filter>
    </ClCompile>
    <ClCompile Include="src\Jasmine\ImGui\ImGuizmo.cpp">
      <Filter>src\Hazel\ImGui</Filter>
    </ClCompile>
    <ClCompile Include="src\Jasmine\Platform\OpenGL\OpenGLFramebuffer.cpp">
      <Filter>src\Hazel\Platform\OpenGL</Filter>
    </ClCompile>
    <ClCompile Include="src\Jasmine\Platform\OpenGL\OpenGLIndexBuffer.cpp">
      <Filter>src\Hazel\Platform\OpenGL</Filter>
    </ClCompile>
    <ClCompile Include="src\Jasmine\Platform\OpenGL\OpenGLPipeline.cpp">
      <Filter>src\Hazel\Platform\OpenGL</Filter>
    </ClCompile>
    <ClCompile Include="src\Jasmine\Platform\OpenGL\OpenGLRenderPass.cpp">
      <Filter>src\Hazel\Platform\OpenGL</Filter>
    </ClCompile>
    <ClCompile Include="src\Jasmine\Platform\OpenGL\OpenGLRendererAPI.cpp">
      <Filter>src\Hazel\Platform\OpenGL</Filter>
    </ClCompile>
    <ClCompile Include="src\Jasmine\Platform\OpenGL\OpenGLShader.cpp">
      <Filter>src\Hazel\Platform\OpenGL</Filter>
    </ClCompile>
    <ClCompile Include="src\Jasmine\Platform\OpenGL\OpenGLShaderUniform.cpp">
      <Filter>src\Hazel\Platform\OpenGL</Filter>
    </ClCompile>
    <ClCompile Include="src\Jasmine\Platform\OpenGL\OpenGLTexture.cpp">
      <Filter>src\Hazel\Platform\OpenGL</Filter>
    </ClCompile>
    <ClCompile Include="src\Jasmine\Platform\OpenGL\OpenGLVertexBuffer.cpp">
      <Filter>src\Hazel\Platform\OpenGL</Filter>
    </ClCompile>
    <ClCompile Include="src\Jasmine\Platform\Windows\WindowsInput.cpp">
      <Filter>src\Hazel\Platform\Windows</Filter>
    </ClCompile>
    <ClCompile Include="src\Jasmine\Platform\Windows\WindowsWindow.cpp">
      <Filter>src\Hazel\Platform\Windows</Filter>
    </ClCompile>
    <ClCompile Include="src\Jasmine\Renderer\Camera.cpp">
      <Filter>src\Hazel\Renderer</Filter>
    </ClCompile>
    <ClCompile Include="src\Jasmine\Renderer\Framebuffer.cpp">
      <Filter>src\Hazel\Renderer</Filter>
    </ClCompile>
    <ClCompile Include="src\Jasmine\Renderer\IndexBuffer.cpp">
      <Filter>src\Hazel\Renderer</Filter>
    </ClCompile>
    <ClCompile Include="src\Jasmine\Renderer\Material.cpp">
      <Filter>src\Hazel\Renderer</Filter>
    </ClCompile>
    <ClCompile Include="src\Jasmine\Renderer\Mesh.cpp">
      <Filter>src\Hazel\Renderer</Filter>
    </ClCompile>
    <ClCompile Include="src\Jasmine\Renderer\Pipeline.cpp">
      <Filter>src\Hazel\Renderer</Filter>
    </ClCompile>
    <ClCompile Include="src\Jasmine\Renderer\RenderCommandQueue.cpp">
      <Filter>src\Hazel\Renderer</Filter>
    </ClCompile>
    <ClCompile Include="src\Jasmine\Renderer\RenderPass.cpp">
      <Filter>src\Hazel\Renderer</Filter>
    </ClCompile>
    <ClCompile Include="src\Jasmine\Renderer\Renderer.cpp">
      <Filter>src\Hazel\Renderer</Filter>
    </ClCompile>
    <ClCompile Include="src\Jasmine\Renderer\Renderer2D.cpp">
      <Filter>src\Hazel\Renderer</Filter>
    </ClCompile>
    <ClCompile Include="src\Jasmine\Renderer\SceneEnvironment.cpp">
      <Filter>src\Hazel\Renderer</Filter>
    </ClCompile>
    <ClCompile Include="src\Jasmine\Renderer\SceneRenderer.cpp">
      <Filter>src\Hazel\Renderer</Filter>
    </ClCompile>
    <ClCompile Include="src\Jasmine\Renderer\Shader.cpp">
      <Filter>src\Hazel\Renderer</Filter>
    </ClCompile>
    <ClCompile Include="src\Jasmine\Renderer\Texture.cpp">
      <Filter>src\Hazel\Renderer</Filter>
    </ClCompile>
    <ClCompile Include="src\Jasmine\Renderer\VertexBuffer.cpp">
      <Filter>src\Hazel\Renderer</Filter>
    </ClCompile>
    <ClCompile Include="src\Jasmine\Scene\Entity.cpp">
      <Filter>src\Hazel\Scene</Filter>
    </ClCompile>
    <ClCompile Include="src\Jasmine\Scene\Scene.cpp">
      <Filter>src\Hazel\Scene</Filter>
    </ClCompile>
    <ClCompile Include="src\Jasmine\Scene\SceneCamera.cpp">
      <Filter>src\Hazel\Scene</Filter>
    </ClCompile>
    <ClCompile Include="src\Jasmine\Scene\SceneSerializer.cpp">
      <Filter>src\Hazel\Scene</Filter>
    </ClCompile>
    <ClCompile Include="src\Jasmine\Script\ScriptEngine.cpp">
      <Filter>src\Hazel\Script</Filter>
    </ClCompile>
    <ClCompile Include="src\Jasmine\Script\ScriptEngineRegistry.cpp">
      <Filter>src\Hazel\Script</Filter>
    </ClCompile>
    <ClCompile Include="src\Jasmine\Script\ScriptWrappers.cpp">
      <Filter>src\Hazel\Script</Filter>
    </ClCompile>
    <ClCompile Include="src\Jasmine\Vendor\stb_image.cpp">
      <Filter>src\Hazel\Vendor</Filter>
    </ClCompile>
    <ClCompile Include="src\JMpch.cpp">
      <Filter>src</Filter>
    </ClCompile>
    <ClCompile Include="vendor\FastNoise\FastNoise.cpp">
      <Filter>vendor\FastNoise</Filter>
    </ClCompile>
    <ClCompile Include="vendor\yaml-cpp\src\binary.cpp">
      <Filter>vendor\yaml-cpp\src</Filter>
    </ClCompile>
    <ClCompile Include="vendor\yaml-cpp\src\contrib\graphbuilder.cpp">
      <Filter>vendor\yaml-cpp\src\contrib</Filter>
    </ClCompile>
    <ClCompile Include="vendor\yaml-cpp\src\contrib\graphbuilderadapter.cpp">
      <Filter>vendor\yaml-cpp\src\contrib</Filter>
    </ClCompile>
    <ClCompile Include="vendor\yaml-cpp\src\convert.cpp">
      <Filter>vendor\yaml-cpp\src</Filter>
    </ClCompile>
    <ClCompile Include="vendor\yaml-cpp\src\depthguard.cpp">
      <Filter>vendor\yaml-cpp\src</Filter>
    </ClCompile>
    <ClCompile Include="vendor\yaml-cpp\src\directives.cpp">
      <Filter>vendor\yaml-cpp\src</Filter>
    </ClCompile>
    <ClCompile Include="vendor\yaml-cpp\src\emit.cpp">
      <Filter>vendor\yaml-cpp\src</Filter>
    </ClCompile>
    <ClCompile Include="vendor\yaml-cpp\src\emitfromevents.cpp">
      <Filter>vendor\yaml-cpp\src</Filter>
    </ClCompile>
    <ClCompile Include="vendor\yaml-cpp\src\emitter.cpp">
      <Filter>vendor\yaml-cpp\src</Filter>
    </ClCompile>
    <ClCompile Include="vendor\yaml-cpp\src\emitterstate.cpp">
      <Filter>vendor\yaml-cpp\src</Filter>
    </ClCompile>
    <ClCompile Include="vendor\yaml-cpp\src\emitterutils.cpp">
      <Filter>vendor\yaml-cpp\src</Filter>
    </ClCompile>
    <ClCompile Include="vendor\yaml-cpp\src\exceptions.cpp">
      <Filter>vendor\yaml-cpp\src</Filter>
    </ClCompile>
    <ClCompile Include="vendor\yaml-cpp\src\exp.cpp">
      <Filter>vendor\yaml-cpp\src</Filter>
    </ClCompile>
    <ClCompile Include="vendor\yaml-cpp\src\memory.cpp">
      <Filter>vendor\yaml-cpp\src</Filter>
    </ClCompile>
    <ClCompile Include="vendor\yaml-cpp\src\node.cpp">
      <Filter>vendor\yaml-cpp\src</Filter>
    </ClCompile>
    <ClCompile Include="vendor\yaml-cpp\src\node_data.cpp">
      <Filter>vendor\yaml-cpp\src</Filter>
    </ClCompile>
    <ClCompile Include="vendor\yaml-cpp\src\nodebuilder.cpp">
      <Filter>vendor\yaml-cpp\src</Filter>
    </ClCompile>
    <ClCompile Include="vendor\yaml-cpp\src\nodeevents.cpp">
      <Filter>vendor\yaml-cpp\src</Filter>
    </ClCompile>
    <ClCompile Include="vendor\yaml-cpp\src\null.cpp">
      <Filter>vendor\yaml-cpp\src</Filter>
    </ClCompile>
    <ClCompile Include="vendor\yaml-cpp\src\ostream_wrapper.cpp">
      <Filter>vendor\yaml-cpp\src</Filter>
    </ClCompile>
    <ClCompile Include="vendor\yaml-cpp\src\parse.cpp">
      <Filter>vendor\yaml-cpp\src</Filter>
    </ClCompile>
    <ClCompile Include="vendor\yaml-cpp\src\parser.cpp">
      <Filter>vendor\yaml-cpp\src</Filter>
    </ClCompile>
    <ClCompile Include="vendor\yaml-cpp\src\regex_yaml.cpp">
      <Filter>vendor\yaml-cpp\src</Filter>
    </ClCompile>
    <ClCompile Include="vendor\yaml-cpp\src\scanner.cpp">
      <Filter>vendor\yaml-cpp\src</Filter>
    </ClCompile>
    <ClCompile Include="vendor\yaml-cpp\src\scanscalar.cpp">
      <Filter>vendor\yaml-cpp\src</Filter>
    </ClCompile>
    <ClCompile Include="vendor\yaml-cpp\src\scantag.cpp">
      <Filter>vendor\yaml-cpp\src</Filter>
    </ClCompile>
    <ClCompile Include="vendor\yaml-cpp\src\scantoken.cpp">
      <Filter>vendor\yaml-cpp\src</Filter>
    </ClCompile>
    <ClCompile Include="vendor\yaml-cpp\src\simplekey.cpp">
      <Filter>vendor\yaml-cpp\src</Filter>
    </ClCompile>
    <ClCompile Include="vendor\yaml-cpp\src\singledocparser.cpp">
      <Filter>vendor\yaml-cpp\src</Filter>
    </ClCompile>
    <ClCompile Include="vendor\yaml-cpp\src\stream.cpp">
      <Filter>vendor\yaml-cpp\src</Filter>
    </ClCompile>
    <ClCompile Include="vendor\yaml-cpp\src\tag.cpp">
      <Filter>vendor\yaml-cpp\src</Filter>
    </ClCompile>
  </ItemGroup>
</Project>