<?xml version="1.0" encoding="utf-8"?>
<Project ToolsVersion="4.0" xmlns="http://schemas.microsoft.com/developer/msbuild/2003">
  <ItemGroup>
    <Filter Include="src">
      <UniqueIdentifier>{2DAB880B-99B4-887C-2230-9F7C8E38947C}</UniqueIdentifier>
    </Filter>
    <Filter Include="src\Jasmine">
      <UniqueIdentifier>{C326F237-2FDC-6A2D-B8D0-640424856131}</UniqueIdentifier>
    </Filter>
    <Filter Include="src\Jasmine\Core">
      <UniqueIdentifier>{FBFC906D-E7F5-AFBF-1028-9544FC7F8FCB}</UniqueIdentifier>
    </Filter>
    <Filter Include="src\Jasmine\Core\Events">
      <UniqueIdentifier>{7FE01EC9-EB17-6760-F421-CB8360D88D59}</UniqueIdentifier>
    </Filter>
    <Filter Include="src\Jasmine\Core\Math">
      <UniqueIdentifier>{B4B68B88-2023-4783-E916-DFE0554269EB}</UniqueIdentifier>
    </Filter>
    <Filter Include="src\Jasmine\Editor">
      <UniqueIdentifier>{99CAA219-85AE-636F-EE0E-5EC2DA114EF1}</UniqueIdentifier>
    </Filter>
    <Filter Include="src\Jasmine\ImGui">
      <UniqueIdentifier>{2D621B20-9978-19B6-E2EF-A4D74E45EA3D}</UniqueIdentifier>
    </Filter>
    <Filter Include="src\Jasmine\Platform">
      <UniqueIdentifier>{77AE7789-633D-0153-0C5C-154EF8C911F9}</UniqueIdentifier>
    </Filter>
    <Filter Include="src\Jasmine\Platform\OpenGL">
      <UniqueIdentifier>{CB8B3ED1-3799-6CB7-C07F-68A22C8C386E}</UniqueIdentifier>
    </Filter>
    <Filter Include="src\Jasmine\Platform\Windows">
      <UniqueIdentifier>{B1DF2B51-9D9A-1BFD-4652-944732EC658D}</UniqueIdentifier>
    </Filter>
    <Filter Include="src\Jasmine\Renderer">
      <UniqueIdentifier>{C9B55464-B544-DE2D-5E63-F2284AD1EED3}</UniqueIdentifier>
    </Filter>
    <Filter Include="src\Jasmine\Scene">
      <UniqueIdentifier>{205ACB20-8C70-C9B6-D5E7-54D8413D9A3E}</UniqueIdentifier>
    </Filter>
    <Filter Include="src\Jasmine\Script">
      <UniqueIdentifier>{A7AB3D3A-938F-FE8F-FCEF-F8E2E8F2E811}</UniqueIdentifier>
    </Filter>
    <Filter Include="src\Jasmine\vendor">
      <UniqueIdentifier>{C023048C-AC07-C5E1-1568-BF34016BAF63}</UniqueIdentifier>
    </Filter>
    <Filter Include="vendor">
      <UniqueIdentifier>{B3738122-9F15-ACF8-88D0-BF4C74113349}</UniqueIdentifier>
    </Filter>
    <Filter Include="vendor\FastNoise">
      <UniqueIdentifier>{EEFAAAA2-DAF3-C9F4-0326-AF79EF7DA900}</UniqueIdentifier>
    </Filter>
    <Filter Include="vendor\ImGuizmo">
      <UniqueIdentifier>{73BF7F4C-DF4A-ED10-E85B-700554664911}</UniqueIdentifier>
    </Filter>
  </ItemGroup>
  <ItemGroup>
    <ClInclude Include="src\JMpch.h">
      <Filter>src</Filter>
    </ClInclude>
    <ClInclude Include="src\Jasmine.h">
      <Filter>src</Filter>
    </ClInclude>
    <ClInclude Include="src\Jasmine\Core\Application.h">
      <Filter>src\Jasmine\Core</Filter>
    </ClInclude>
    <ClInclude Include="src\Jasmine\Core\Assert.h">
      <Filter>src\Jasmine\Core</Filter>
    </ClInclude>
    <ClInclude Include="src\Jasmine\Core\Base.h">
      <Filter>src\Jasmine\Core</Filter>
    </ClInclude>
    <ClInclude Include="src\Jasmine\Core\Buffer.h">
      <Filter>src\Jasmine\Core</Filter>
    </ClInclude>
    <ClInclude Include="src\Jasmine\Core\Events\ApplicationEvent.h">
      <Filter>src\Jasmine\Core\Events</Filter>
    </ClInclude>
    <ClInclude Include="src\Jasmine\Core\Events\Event.h">
      <Filter>src\Jasmine\Core\Events</Filter>
    </ClInclude>
    <ClInclude Include="src\Jasmine\Core\Events\KeyEvent.h">
      <Filter>src\Jasmine\Core\Events</Filter>
    </ClInclude>
    <ClInclude Include="src\Jasmine\Core\Events\MouseEvent.h">
      <Filter>src\Jasmine\Core\Events</Filter>
    </ClInclude>
    <ClInclude Include="src\Jasmine\Core\Input.h">
      <Filter>src\Jasmine\Core</Filter>
    </ClInclude>
    <ClInclude Include="src\Jasmine\Core\KeyCodes.h">
      <Filter>src\Jasmine\Core</Filter>
    </ClInclude>
    <ClInclude Include="src\Jasmine\Core\Layer.h">
      <Filter>src\Jasmine\Core</Filter>
    </ClInclude>
    <ClInclude Include="src\Jasmine\Core\LayerStack.h">
      <Filter>src\Jasmine\Core</Filter>
    </ClInclude>
    <ClInclude Include="src\Jasmine\Core\Log.h">
      <Filter>src\Jasmine\Core</Filter>
    </ClInclude>
    <ClInclude Include="src\Jasmine\Core\Math\AABB.h">
      <Filter>src\Jasmine\Core\Math</Filter>
    </ClInclude>
    <ClInclude Include="src\Jasmine\Core\Math\Mat4.h">
      <Filter>src\Jasmine\Core\Math</Filter>
    </ClInclude>
    <ClInclude Include="src\Jasmine\Core\Math\Noise.h">
      <Filter>src\Jasmine\Core\Math</Filter>
    </ClInclude>
    <ClInclude Include="src\Jasmine\Core\Math\Ray.h">
      <Filter>src\Jasmine\Core\Math</Filter>
    </ClInclude>
    <ClInclude Include="src\Jasmine\Core\MouseCodes.h">
      <Filter>src\Jasmine\Core</Filter>
    </ClInclude>
    <ClInclude Include="src\Jasmine\Core\Ref.h">
      <Filter>src\Jasmine\Core</Filter>
    </ClInclude>
    <ClInclude Include="src\Jasmine\Core\Timestep.h">
      <Filter>src\Jasmine\Core</Filter>
    </ClInclude>
    <ClInclude Include="src\Jasmine\Core\Window.h">
      <Filter>src\Jasmine\Core</Filter>
    </ClInclude>
    <ClInclude Include="src\Jasmine\Editor\SceneHierarchyPanel.h">
      <Filter>src\Jasmine\Editor</Filter>
    </ClInclude>
    <ClInclude Include="src\Jasmine\EntryPoint.h">
      <Filter>src\Jasmine</Filter>
    </ClInclude>
    <ClInclude Include="src\Jasmine\ImGui\ImGuiLayer.h">
      <Filter>src\Jasmine\ImGui</Filter>
    </ClInclude>
    <ClInclude Include="src\Jasmine\Platform\OpenGL\OpenGLBuffer.h">
      <Filter>src\Jasmine\Platform\OpenGL</Filter>
    </ClInclude>
    <ClInclude Include="src\Jasmine\Platform\OpenGL\OpenGLFramebuffer.h">
      <Filter>src\Jasmine\Platform\OpenGL</Filter>
    </ClInclude>
    <ClInclude Include="src\Jasmine\Platform\OpenGL\OpenGLRenderPass.h">
      <Filter>src\Jasmine\Platform\OpenGL</Filter>
    </ClInclude>
    <ClInclude Include="src\Jasmine\Platform\OpenGL\OpenGLShader.h">
      <Filter>src\Jasmine\Platform\OpenGL</Filter>
    </ClInclude>
    <ClInclude Include="src\Jasmine\Platform\OpenGL\OpenGLShaderUniform.h">
      <Filter>src\Jasmine\Platform\OpenGL</Filter>
    </ClInclude>
    <ClInclude Include="src\Jasmine\Platform\OpenGL\OpenGLTexture.h">
      <Filter>src\Jasmine\Platform\OpenGL</Filter>
    </ClInclude>
    <ClInclude Include="src\Jasmine\Platform\OpenGL\OpenGLVertexArray.h">
      <Filter>src\Jasmine\Platform\OpenGL</Filter>
    </ClInclude>
    <ClInclude Include="src\Jasmine\Platform\Windows\WindowsWindow.h">
      <Filter>src\Jasmine\Platform\Windows</Filter>
    </ClInclude>
    <ClInclude Include="src\Jasmine\Renderer\Buffer.h">
      <Filter>src\Jasmine\Renderer</Filter>
    </ClInclude>
    <ClInclude Include="src\Jasmine\Renderer\Camera.h">
      <Filter>src\Jasmine\Renderer</Filter>
    </ClInclude>
    <ClInclude Include="src\Jasmine\Renderer\Framebuffer.h">
      <Filter>src\Jasmine\Renderer</Filter>
    </ClInclude>
    <ClInclude Include="src\Jasmine\Renderer\Material.h">
      <Filter>src\Jasmine\Renderer</Filter>
    </ClInclude>
    <ClInclude Include="src\Jasmine\Renderer\Mesh.h">
      <Filter>src\Jasmine\Renderer</Filter>
    </ClInclude>
    <ClInclude Include="src\Jasmine\Renderer\RenderCommandQueue.h">
      <Filter>src\Jasmine\Renderer</Filter>
    </ClInclude>
    <ClInclude Include="src\Jasmine\Renderer\RenderPass.h">
      <Filter>src\Jasmine\Renderer</Filter>
    </ClInclude>
    <ClInclude Include="src\Jasmine\Renderer\Renderer.h">
      <Filter>src\Jasmine\Renderer</Filter>
    </ClInclude>
    <ClInclude Include="src\Jasmine\Renderer\Renderer2D.h">
      <Filter>src\Jasmine\Renderer</Filter>
    </ClInclude>
    <ClInclude Include="src\Jasmine\Renderer\RendererAPI.h">
      <Filter>src\Jasmine\Renderer</Filter>
    </ClInclude>
    <ClInclude Include="src\Jasmine\Renderer\SceneRenderer.h">
      <Filter>src\Jasmine\Renderer</Filter>
    </ClInclude>
    <ClInclude Include="src\Jasmine\Renderer\Shader.h">
      <Filter>src\Jasmine\Renderer</Filter>
    </ClInclude>
    <ClInclude Include="src\Jasmine\Renderer\ShaderUniform.h">
      <Filter>src\Jasmine\Renderer</Filter>
    </ClInclude>
    <ClInclude Include="src\Jasmine\Renderer\Texture.h">
      <Filter>src\Jasmine\Renderer</Filter>
    </ClInclude>
    <ClInclude Include="src\Jasmine\Renderer\VertexArray.h">
      <Filter>src\Jasmine\Renderer</Filter>
    </ClInclude>
    <ClInclude Include="src\Jasmine\Scene\Components.h">
      <Filter>src\Jasmine\Scene</Filter>
    </ClInclude>
    <ClInclude Include="src\Jasmine\Scene\Entity.h">
      <Filter>src\Jasmine\Scene</Filter>
    </ClInclude>
    <ClInclude Include="src\Jasmine\Scene\Scene.h">
      <Filter>src\Jasmine\Scene</Filter>
    </ClInclude>
    <ClInclude Include="src\Jasmine\Script\ScriptEngine.h">
      <Filter>src\Jasmine\Script</Filter>
    </ClInclude>
    <ClInclude Include="src\Jasmine\Script\ScriptEngineRegistry.h">
      <Filter>src\Jasmine\Script</Filter>
    </ClInclude>
    <ClInclude Include="src\Jasmine\Script\ScriptWrappers.h">
      <Filter>src\Jasmine\Script</Filter>
    </ClInclude>
    <ClInclude Include="vendor\ImGuizmo\ImGuizmo.h">
      <Filter>vendor\ImGuizmo</Filter>
    </ClInclude>
  </ItemGroup>
  <ItemGroup>
    <ClCompile Include="src\JMpch.cpp">
      <Filter>src</Filter>
    </ClCompile>
    <ClCompile Include="src\Jasmine\Core\Application.cpp">
      <Filter>src\Jasmine\Core</Filter>
    </ClCompile>
    <ClCompile Include="src\Jasmine\Core\Base.cpp">
      <Filter>src\Jasmine\Core</Filter>
    </ClCompile>
    <ClCompile Include="src\Jasmine\Core\Layer.cpp">
      <Filter>src\Jasmine\Core</Filter>
    </ClCompile>
    <ClCompile Include="src\Jasmine\Core\LayerStack.cpp">
      <Filter>src\Jasmine\Core</Filter>
    </ClCompile>
    <ClCompile Include="src\Jasmine\Core\Log.cpp">
      <Filter>src\Jasmine\Core</Filter>
    </ClCompile>
    <ClCompile Include="src\Jasmine\Core\Math\Mat4.cpp">
      <Filter>src\Jasmine\Core\Math</Filter>
    </ClCompile>
    <ClCompile Include="src\Jasmine\Core\Math\Noise.cpp">
      <Filter>src\Jasmine\Core\Math</Filter>
    </ClCompile>
    <ClCompile Include="src\Jasmine\Core\Timestep.cpp">
      <Filter>src\Jasmine\Core</Filter>
    </ClCompile>
    <ClCompile Include="src\Jasmine\Core\Window.cpp">
      <Filter>src\Jasmine\Core</Filter>
    </ClCompile>
    <ClCompile Include="src\Jasmine\Editor\SceneHierarchyPanel.cpp">
      <Filter>src\Jasmine\Editor</Filter>
    </ClCompile>
    <ClCompile Include="src\Jasmine\ImGui\ImGuiBuild.cpp">
      <Filter>src\Jasmine\ImGui</Filter>
    </ClCompile>
    <ClCompile Include="src\Jasmine\ImGui\ImGuiLayer.cpp">
      <Filter>src\Jasmine\ImGui</Filter>
    </ClCompile>
    <ClCompile Include="src\Jasmine\Platform\OpenGL\OpenGLBuffer.cpp">
      <Filter>src\Jasmine\Platform\OpenGL</Filter>
    </ClCompile>
    <ClCompile Include="src\Jasmine\Platform\OpenGL\OpenGLFramebuffer.cpp">
      <Filter>src\Jasmine\Platform\OpenGL</Filter>
    </ClCompile>
    <ClCompile Include="src\Jasmine\Platform\OpenGL\OpenGLRenderPass.cpp">
      <Filter>src\Jasmine\Platform\OpenGL</Filter>
    </ClCompile>
    <ClCompile Include="src\Jasmine\Platform\OpenGL\OpenGLRendererAPI.cpp">
      <Filter>src\Jasmine\Platform\OpenGL</Filter>
    </ClCompile>
    <ClCompile Include="src\Jasmine\Platform\OpenGL\OpenGLShader.cpp">
      <Filter>src\Jasmine\Platform\OpenGL</Filter>
    </ClCompile>
    <ClCompile Include="src\Jasmine\Platform\OpenGL\OpenGLShaderUniform.cpp">
      <Filter>src\Jasmine\Platform\OpenGL</Filter>
    </ClCompile>
    <ClCompile Include="src\Jasmine\Platform\OpenGL\OpenGLTexture.cpp">
      <Filter>src\Jasmine\Platform\OpenGL</Filter>
    </ClCompile>
    <ClCompile Include="src\Jasmine\Platform\OpenGL\OpenGLVertexArray.cpp">
      <Filter>src\Jasmine\Platform\OpenGL</Filter>
    </ClCompile>
    <ClCompile Include="src\Jasmine\Platform\Windows\WindowsInput.cpp">
      <Filter>src\Jasmine\Platform\Windows</Filter>
    </ClCompile>
    <ClCompile Include="src\Jasmine\Platform\Windows\WindowsWindow.cpp">
      <Filter>src\Jasmine\Platform\Windows</Filter>
    </ClCompile>
    <ClCompile Include="src\Jasmine\Renderer\Buffer.cpp">
      <Filter>src\Jasmine\Renderer</Filter>
    </ClCompile>
    <ClCompile Include="src\Jasmine\Renderer\Camera.cpp">
      <Filter>src\Jasmine\Renderer</Filter>
    </ClCompile>
    <ClCompile Include="src\Jasmine\Renderer\Framebuffer.cpp">
      <Filter>src\Jasmine\Renderer</Filter>
    </ClCompile>
    <ClCompile Include="src\Jasmine\Renderer\Material.cpp">
      <Filter>src\Jasmine\Renderer</Filter>
    </ClCompile>
    <ClCompile Include="src\Jasmine\Renderer\Mesh.cpp">
      <Filter>src\Jasmine\Renderer</Filter>
    </ClCompile>
    <ClCompile Include="src\Jasmine\Renderer\RenderCommandQueue.cpp">
      <Filter>src\Jasmine\Renderer</Filter>
    </ClCompile>
    <ClCompile Include="src\Jasmine\Renderer\RenderPass.cpp">
      <Filter>src\Jasmine\Renderer</Filter>
    </ClCompile>
    <ClCompile Include="src\Jasmine\Renderer\Renderer.cpp">
      <Filter>src\Jasmine\Renderer</Filter>
    </ClCompile>
    <ClCompile Include="src\Jasmine\Renderer\Renderer2D.cpp">
      <Filter>src\Jasmine\Renderer</Filter>
    </ClCompile>
    <ClCompile Include="src\Jasmine\Renderer\SceneRenderer.cpp">
      <Filter>src\Jasmine\Renderer</Filter>
    </ClCompile>
    <ClCompile Include="src\Jasmine\Renderer\Shader.cpp">
      <Filter>src\Jasmine\Renderer</Filter>
    </ClCompile>
    <ClCompile Include="src\Jasmine\Renderer\Texture.cpp">
      <Filter>src\Jasmine\Renderer</Filter>
    </ClCompile>
    <ClCompile Include="src\Jasmine\Renderer\VertexArray.cpp">
      <Filter>src\Jasmine\Renderer</Filter>
    </ClCompile>
    <ClCompile Include="src\Jasmine\Scene\Entity.cpp">
      <Filter>src\Jasmine\Scene</Filter>
    </ClCompile>
    <ClCompile Include="src\Jasmine\Scene\Scene.cpp">
      <Filter>src\Jasmine\Scene</Filter>
    </ClCompile>
    <ClCompile Include="src\Jasmine\Script\ScriptEngine.cpp">
      <Filter>src\Jasmine\Script</Filter>
    </ClCompile>
    <ClCompile Include="src\Jasmine\Script\ScriptEngineRegistry.cpp">
      <Filter>src\Jasmine\Script</Filter>
    </ClCompile>
    <ClCompile Include="src\Jasmine\Script\ScriptWrappers.cpp">
      <Filter>src\Jasmine\Script</Filter>
    </ClCompile>
    <ClCompile Include="src\Jasmine\vendor\stb_image.cpp">
      <Filter>src\Jasmine\vendor</Filter>
    </ClCompile>
    <ClCompile Include="vendor\FastNoise\FastNoise.cpp">
      <Filter>vendor\FastNoise</Filter>
    </ClCompile>
    <ClCompile Include="vendor\ImGuizmo\ImGuizmo.cpp">
      <Filter>vendor\ImGuizmo</Filter>
    </ClCompile>
  </ItemGroup>
</Project>